// !$*UTF8*$!
{
	archiveVersion = 1;
	classes = {
	};
	objectVersion = 56;
	objects = {

/* Begin PBXBuildFile section */
		CA9044282BADE7DD001E024C /* AppDelegate.swift in Sources */ = {isa = PBXBuildFile; fileRef = CA9044272BADE7DD001E024C /* AppDelegate.swift */; };
		CA90442A2BADE7DD001E024C /* SceneDelegate.swift in Sources */ = {isa = PBXBuildFile; fileRef = CA9044292BADE7DD001E024C /* SceneDelegate.swift */; };
		CA90442C2BADE7DD001E024C /* ViewController.swift in Sources */ = {isa = PBXBuildFile; fileRef = CA90442B2BADE7DD001E024C /* ViewController.swift */; };
		CA9044312BADE7EC001E024C /* Assets.xcassets in Resources */ = {isa = PBXBuildFile; fileRef = CA9044302BADE7EC001E024C /* Assets.xcassets */; };
		CA9044342BADE7EC001E024C /* LaunchScreen.storyboard in Resources */ = {isa = PBXBuildFile; fileRef = CA9044322BADE7EC001E024C /* LaunchScreen.storyboard */; };
		CA90443E2BADE9BD001E024C /* APIResponse.swift in Sources */ = {isa = PBXBuildFile; fileRef = CA90443D2BADE9BD001E024C /* APIResponse.swift */; };
		CA9044412BADED74001E024C /* APICaller.swift in Sources */ = {isa = PBXBuildFile; fileRef = CA9044402BADED74001E024C /* APICaller.swift */; };
		CA9044442BADEDCA001E024C /* MainView.swift in Sources */ = {isa = PBXBuildFile; fileRef = CA9044432BADEDCA001E024C /* MainView.swift */; };
		CA9044462BADF614001E024C /* CurrentElementView.swift in Sources */ = {isa = PBXBuildFile; fileRef = CA9044452BADF614001E024C /* CurrentElementView.swift */; };
		CA9044482BADFCC1001E024C /* MainViewModel.swift in Sources */ = {isa = PBXBuildFile; fileRef = CA9044472BADFCC1001E024C /* MainViewModel.swift */; };
		CA90444A2BB060BB001E024C /* UserDefaultsWorker.swift in Sources */ = {isa = PBXBuildFile; fileRef = CA9044492BB060BB001E024C /* UserDefaultsWorker.swift */; };
		CA90444C2BB08014001E024C /* ForecastCell.swift in Sources */ = {isa = PBXBuildFile; fileRef = CA90444B2BB08013001E024C /* ForecastCell.swift */; };
		CAA755722BB0C491006594AA /* SearchViewController.swift in Sources */ = {isa = PBXBuildFile; fileRef = CAA755712BB0C491006594AA /* SearchViewController.swift */; };
		CAA755742BB18668006594AA /* SearchInfo.swift in Sources */ = {isa = PBXBuildFile; fileRef = CAA755732BB18668006594AA /* SearchInfo.swift */; };
		CAA755762BB1DFAA006594AA /* HeaderView.swift in Sources */ = {isa = PBXBuildFile; fileRef = CAA755752BB1DFAA006594AA /* HeaderView.swift */; };
/* End PBXBuildFile section */

/* Begin PBXFileReference section */
		CA9044242BADE7DD001E024C /* vk-market-intership--2024.app */ = {isa = PBXFileReference; explicitFileType = wrapper.application; includeInIndex = 0; path = "vk-market-intership--2024.app"; sourceTree = BUILT_PRODUCTS_DIR; };
		CA9044272BADE7DD001E024C /* AppDelegate.swift */ = {isa = PBXFileReference; lastKnownFileType = sourcecode.swift; path = AppDelegate.swift; sourceTree = "<group>"; };
		CA9044292BADE7DD001E024C /* SceneDelegate.swift */ = {isa = PBXFileReference; lastKnownFileType = sourcecode.swift; path = SceneDelegate.swift; sourceTree = "<group>"; };
		CA90442B2BADE7DD001E024C /* ViewController.swift */ = {isa = PBXFileReference; lastKnownFileType = sourcecode.swift; path = ViewController.swift; sourceTree = "<group>"; };
		CA9044302BADE7EC001E024C /* Assets.xcassets */ = {isa = PBXFileReference; lastKnownFileType = folder.assetcatalog; path = Assets.xcassets; sourceTree = "<group>"; };
		CA9044332BADE7EC001E024C /* Base */ = {isa = PBXFileReference; lastKnownFileType = file.storyboard; name = Base; path = Base.lproj/LaunchScreen.storyboard; sourceTree = "<group>"; };
		CA9044352BADE7EC001E024C /* Info.plist */ = {isa = PBXFileReference; lastKnownFileType = text.plist.xml; path = Info.plist; sourceTree = "<group>"; };
		CA90443D2BADE9BD001E024C /* APIResponse.swift */ = {isa = PBXFileReference; lastKnownFileType = sourcecode.swift; path = APIResponse.swift; sourceTree = "<group>"; };
		CA9044402BADED74001E024C /* APICaller.swift */ = {isa = PBXFileReference; lastKnownFileType = sourcecode.swift; path = APICaller.swift; sourceTree = "<group>"; };
		CA9044432BADEDCA001E024C /* MainView.swift */ = {isa = PBXFileReference; lastKnownFileType = sourcecode.swift; path = MainView.swift; sourceTree = "<group>"; };
		CA9044452BADF614001E024C /* CurrentElementView.swift */ = {isa = PBXFileReference; lastKnownFileType = sourcecode.swift; path = CurrentElementView.swift; sourceTree = "<group>"; };
		CA9044472BADFCC1001E024C /* MainViewModel.swift */ = {isa = PBXFileReference; lastKnownFileType = sourcecode.swift; path = MainViewModel.swift; sourceTree = "<group>"; };
		CA9044492BB060BB001E024C /* UserDefaultsWorker.swift */ = {isa = PBXFileReference; lastKnownFileType = sourcecode.swift; path = UserDefaultsWorker.swift; sourceTree = "<group>"; };
		CA90444B2BB08013001E024C /* ForecastCell.swift */ = {isa = PBXFileReference; lastKnownFileType = sourcecode.swift; path = ForecastCell.swift; sourceTree = "<group>"; };
		CAA755712BB0C491006594AA /* SearchViewController.swift */ = {isa = PBXFileReference; lastKnownFileType = sourcecode.swift; path = SearchViewController.swift; sourceTree = "<group>"; };
		CAA755732BB18668006594AA /* SearchInfo.swift */ = {isa = PBXFileReference; lastKnownFileType = sourcecode.swift; path = SearchInfo.swift; sourceTree = "<group>"; };
		CAA755752BB1DFAA006594AA /* HeaderView.swift */ = {isa = PBXFileReference; lastKnownFileType = sourcecode.swift; path = HeaderView.swift; sourceTree = "<group>"; };
/* End PBXFileReference section */

/* Begin PBXFrameworksBuildPhase section */
		CA9044212BADE7DD001E024C /* Frameworks */ = {
			isa = PBXFrameworksBuildPhase;
			buildActionMask = 2147483647;
			files = (
			);
			runOnlyForDeploymentPostprocessing = 0;
		};
/* End PBXFrameworksBuildPhase section */

/* Begin PBXGroup section */
		CA90441B2BADE7DD001E024C = {
			isa = PBXGroup;
			children = (
				CA9044262BADE7DD001E024C /* vk-market-intership--2024 */,
				CA9044252BADE7DD001E024C /* Products */,
			);
			sourceTree = "<group>";
		};
		CA9044252BADE7DD001E024C /* Products */ = {
			isa = PBXGroup;
			children = (
				CA9044242BADE7DD001E024C /* vk-market-intership--2024.app */,
			);
			name = Products;
			sourceTree = "<group>";
		};
		CA9044262BADE7DD001E024C /* vk-market-intership--2024 */ = {
			isa = PBXGroup;
			children = (
				CAA755702BB0C46F006594AA /* Search */,
				CA90443B2BADE994001E024C /* Main */,
				CA9044272BADE7DD001E024C /* AppDelegate.swift */,
				CA9044292BADE7DD001E024C /* SceneDelegate.swift */,
				CA9044302BADE7EC001E024C /* Assets.xcassets */,
				CA9044322BADE7EC001E024C /* LaunchScreen.storyboard */,
				CA9044352BADE7EC001E024C /* Info.plist */,
			);
			path = "vk-market-intership--2024";
			sourceTree = "<group>";
		};
		CA90443B2BADE994001E024C /* Main */ = {
			isa = PBXGroup;
			children = (
				CA90442B2BADE7DD001E024C /* ViewController.swift */,
				CA9044472BADFCC1001E024C /* MainViewModel.swift */,
				CA90443F2BADED51001E024C /* Views */,
				CA90443C2BADE99F001E024C /* Models */,
			);
			path = Main;
			sourceTree = "<group>";
		};
		CA90443C2BADE99F001E024C /* Models */ = {
			isa = PBXGroup;
			children = (
				CA90443D2BADE9BD001E024C /* APIResponse.swift */,
				CA9044402BADED74001E024C /* APICaller.swift */,
				CA9044492BB060BB001E024C /* UserDefaultsWorker.swift */,
			);
			path = Models;
			sourceTree = "<group>";
		};
		CA90443F2BADED51001E024C /* Views */ = {
			isa = PBXGroup;
			children = (
				CA9044432BADEDCA001E024C /* MainView.swift */,
				CA90444B2BB08013001E024C /* ForecastCell.swift */,
				CA9044452BADF614001E024C /* CurrentElementView.swift */,
			);
			path = Views;
			sourceTree = "<group>";
		};
		CAA755702BB0C46F006594AA /* Search */ = {
			isa = PBXGroup;
			children = (
				CAA755712BB0C491006594AA /* SearchViewController.swift */,
				CAA755732BB18668006594AA /* SearchInfo.swift */,
				CAA755752BB1DFAA006594AA /* HeaderView.swift */,
			);
			path = Search;
			sourceTree = "<group>";
		};
/* End PBXGroup section */

/* Begin PBXNativeTarget section */
		CA9044232BADE7DD001E024C /* vk-market-intership--2024 */ = {
			isa = PBXNativeTarget;
			buildConfigurationList = CA9044382BADE7EC001E024C /* Build configuration list for PBXNativeTarget "vk-market-intership--2024" */;
			buildPhases = (
				CA9044202BADE7DD001E024C /* Sources */,
				CA9044212BADE7DD001E024C /* Frameworks */,
				CA9044222BADE7DD001E024C /* Resources */,
			);
			buildRules = (
			);
			dependencies = (
			);
			name = "vk-market-intership--2024";
			productName = "vk-market-intership--2024";
			productReference = CA9044242BADE7DD001E024C /* vk-market-intership--2024.app */;
			productType = "com.apple.product-type.application";
		};
/* End PBXNativeTarget section */

/* Begin PBXProject section */
		CA90441C2BADE7DD001E024C /* Project object */ = {
			isa = PBXProject;
			attributes = {
				BuildIndependentTargetsInParallel = 1;
				LastSwiftUpdateCheck = 1430;
				LastUpgradeCheck = 1430;
				TargetAttributes = {
					CA9044232BADE7DD001E024C = {
						CreatedOnToolsVersion = 14.3.1;
					};
				};
			};
			buildConfigurationList = CA90441F2BADE7DD001E024C /* Build configuration list for PBXProject "vk-market-intership--2024" */;
			compatibilityVersion = "Xcode 14.0";
			developmentRegion = en;
			hasScannedForEncodings = 0;
			knownRegions = (
				en,
				Base,
			);
			mainGroup = CA90441B2BADE7DD001E024C;
			productRefGroup = CA9044252BADE7DD001E024C /* Products */;
			projectDirPath = "";
			projectRoot = "";
			targets = (
				CA9044232BADE7DD001E024C /* vk-market-intership--2024 */,
			);
		};
/* End PBXProject section */

/* Begin PBXResourcesBuildPhase section */
		CA9044222BADE7DD001E024C /* Resources */ = {
			isa = PBXResourcesBuildPhase;
			buildActionMask = 2147483647;
			files = (
				CA9044342BADE7EC001E024C /* LaunchScreen.storyboard in Resources */,
				CA9044312BADE7EC001E024C /* Assets.xcassets in Resources */,
			);
			runOnlyForDeploymentPostprocessing = 0;
		};
/* End PBXResourcesBuildPhase section */

/* Begin PBXSourcesBuildPhase section */
		CA9044202BADE7DD001E024C /* Sources */ = {
			isa = PBXSourcesBuildPhase;
			buildActionMask = 2147483647;
			files = (
				CA90444C2BB08014001E024C /* ForecastCell.swift in Sources */,
				CAA755722BB0C491006594AA /* SearchViewController.swift in Sources */,
				CA90442C2BADE7DD001E024C /* ViewController.swift in Sources */,
				CA90444A2BB060BB001E024C /* UserDefaultsWorker.swift in Sources */,
				CA9044442BADEDCA001E024C /* MainView.swift in Sources */,
				CA90443E2BADE9BD001E024C /* APIResponse.swift in Sources */,
				CA9044282BADE7DD001E024C /* AppDelegate.swift in Sources */,
				CA9044462BADF614001E024C /* CurrentElementView.swift in Sources */,
				CA9044412BADED74001E024C /* APICaller.swift in Sources */,
				CAA755742BB18668006594AA /* SearchInfo.swift in Sources */,
				CA90442A2BADE7DD001E024C /* SceneDelegate.swift in Sources */,
				CA9044482BADFCC1001E024C /* MainViewModel.swift in Sources */,
				CAA755762BB1DFAA006594AA /* HeaderView.swift in Sources */,
			);
			runOnlyForDeploymentPostprocessing = 0;
		};
/* End PBXSourcesBuildPhase section */

/* Begin PBXVariantGroup section */
		CA9044322BADE7EC001E024C /* LaunchScreen.storyboard */ = {
			isa = PBXVariantGroup;
			children = (
				CA9044332BADE7EC001E024C /* Base */,
			);
			name = LaunchScreen.storyboard;
			sourceTree = "<group>";
		};
/* End PBXVariantGroup section */

/* Begin XCBuildConfiguration section */
		CA9044362BADE7EC001E024C /* Debug */ = {
			isa = XCBuildConfiguration;
			buildSettings = {
				ALWAYS_SEARCH_USER_PATHS = NO;
				CLANG_ANALYZER_NONNULL = YES;
				CLANG_ANALYZER_NUMBER_OBJECT_CONVERSION = YES_AGGRESSIVE;
				CLANG_CXX_LANGUAGE_STANDARD = "gnu++20";
				CLANG_ENABLE_MODULES = YES;
				CLANG_ENABLE_OBJC_ARC = YES;
				CLANG_ENABLE_OBJC_WEAK = YES;
				CLANG_WARN_BLOCK_CAPTURE_AUTORELEASING = YES;
				CLANG_WARN_BOOL_CONVERSION = YES;
				CLANG_WARN_COMMA = YES;
				CLANG_WARN_CONSTANT_CONVERSION = YES;
				CLANG_WARN_DEPRECATED_OBJC_IMPLEMENTATIONS = YES;
				CLANG_WARN_DIRECT_OBJC_ISA_USAGE = YES_ERROR;
				CLANG_WARN_DOCUMENTATION_COMMENTS = YES;
				CLANG_WARN_EMPTY_BODY = YES;
				CLANG_WARN_ENUM_CONVERSION = YES;
				CLANG_WARN_INFINITE_RECURSION = YES;
				CLANG_WARN_INT_CONVERSION = YES;
				CLANG_WARN_NON_LITERAL_NULL_CONVERSION = YES;
				CLANG_WARN_OBJC_IMPLICIT_RETAIN_SELF = YES;
				CLANG_WARN_OBJC_LITERAL_CONVERSION = YES;
				CLANG_WARN_OBJC_ROOT_CLASS = YES_ERROR;
				CLANG_WARN_QUOTED_INCLUDE_IN_FRAMEWORK_HEADER = YES;
				CLANG_WARN_RANGE_LOOP_ANALYSIS = YES;
				CLANG_WARN_STRICT_PROTOTYPES = YES;
				CLANG_WARN_SUSPICIOUS_MOVE = YES;
				CLANG_WARN_UNGUARDED_AVAILABILITY = YES_AGGRESSIVE;
				CLANG_WARN_UNREACHABLE_CODE = YES;
				CLANG_WARN__DUPLICATE_METHOD_MATCH = YES;
				COPY_PHASE_STRIP = NO;
				DEBUG_INFORMATION_FORMAT = dwarf;
				ENABLE_STRICT_OBJC_MSGSEND = YES;
				ENABLE_TESTABILITY = YES;
				GCC_C_LANGUAGE_STANDARD = gnu11;
				GCC_DYNAMIC_NO_PIC = NO;
				GCC_NO_COMMON_BLOCKS = YES;
				GCC_OPTIMIZATION_LEVEL = 0;
				GCC_PREPROCESSOR_DEFINITIONS = (
					"DEBUG=1",
					"$(inherited)",
				);
				GCC_WARN_64_TO_32_BIT_CONVERSION = YES;
				GCC_WARN_ABOUT_RETURN_TYPE = YES_ERROR;
				GCC_WARN_UNDECLARED_SELECTOR = YES;
				GCC_WARN_UNINITIALIZED_AUTOS = YES_AGGRESSIVE;
				GCC_WARN_UNUSED_FUNCTION = YES;
				GCC_WARN_UNUSED_VARIABLE = YES;
				IPHONEOS_DEPLOYMENT_TARGET = 16.0;
				MTL_ENABLE_DEBUG_INFO = INCLUDE_SOURCE;
				MTL_FAST_MATH = YES;
				ONLY_ACTIVE_ARCH = YES;
				SDKROOT = iphoneos;
				SWIFT_ACTIVE_COMPILATION_CONDITIONS = DEBUG;
				SWIFT_OPTIMIZATION_LEVEL = "-Onone";
			};
			name = Debug;
		};
		CA9044372BADE7EC001E024C /* Release */ = {
			isa = XCBuildConfiguration;
			buildSettings = {
				ALWAYS_SEARCH_USER_PATHS = NO;
				CLANG_ANALYZER_NONNULL = YES;
				CLANG_ANALYZER_NUMBER_OBJECT_CONVERSION = YES_AGGRESSIVE;
				CLANG_CXX_LANGUAGE_STANDARD = "gnu++20";
				CLANG_ENABLE_MODULES = YES;
				CLANG_ENABLE_OBJC_ARC = YES;
				CLANG_ENABLE_OBJC_WEAK = YES;
				CLANG_WARN_BLOCK_CAPTURE_AUTORELEASING = YES;
				CLANG_WARN_BOOL_CONVERSION = YES;
				CLANG_WARN_COMMA = YES;
				CLANG_WARN_CONSTANT_CONVERSION = YES;
				CLANG_WARN_DEPRECATED_OBJC_IMPLEMENTATIONS = YES;
				CLANG_WARN_DIRECT_OBJC_ISA_USAGE = YES_ERROR;
				CLANG_WARN_DOCUMENTATION_COMMENTS = YES;
				CLANG_WARN_EMPTY_BODY = YES;
				CLANG_WARN_ENUM_CONVERSION = YES;
				CLANG_WARN_INFINITE_RECURSION = YES;
				CLANG_WARN_INT_CONVERSION = YES;
				CLANG_WARN_NON_LITERAL_NULL_CONVERSION = YES;
				CLANG_WARN_OBJC_IMPLICIT_RETAIN_SELF = YES;
				CLANG_WARN_OBJC_LITERAL_CONVERSION = YES;
				CLANG_WARN_OBJC_ROOT_CLASS = YES_ERROR;
				CLANG_WARN_QUOTED_INCLUDE_IN_FRAMEWORK_HEADER = YES;
				CLANG_WARN_RANGE_LOOP_ANALYSIS = YES;
				CLANG_WARN_STRICT_PROTOTYPES = YES;
				CLANG_WARN_SUSPICIOUS_MOVE = YES;
				CLANG_WARN_UNGUARDED_AVAILABILITY = YES_AGGRESSIVE;
				CLANG_WARN_UNREACHABLE_CODE = YES;
				CLANG_WARN__DUPLICATE_METHOD_MATCH = YES;
				COPY_PHASE_STRIP = NO;
				DEBUG_INFORMATION_FORMAT = "dwarf-with-dsym";
				ENABLE_NS_ASSERTIONS = NO;
				ENABLE_STRICT_OBJC_MSGSEND = YES;
				GCC_C_LANGUAGE_STANDARD = gnu11;
				GCC_NO_COMMON_BLOCKS = YES;
				GCC_WARN_64_TO_32_BIT_CONVERSION = YES;
				GCC_WARN_ABOUT_RETURN_TYPE = YES_ERROR;
				GCC_WARN_UNDECLARED_SELECTOR = YES;
				GCC_WARN_UNINITIALIZED_AUTOS = YES_AGGRESSIVE;
				GCC_WARN_UNUSED_FUNCTION = YES;
				GCC_WARN_UNUSED_VARIABLE = YES;
				IPHONEOS_DEPLOYMENT_TARGET = 16.0;
				MTL_ENABLE_DEBUG_INFO = NO;
				MTL_FAST_MATH = YES;
				SDKROOT = iphoneos;
				SWIFT_COMPILATION_MODE = wholemodule;
				SWIFT_OPTIMIZATION_LEVEL = "-O";
				VALIDATE_PRODUCT = YES;
			};
			name = Release;
		};
		CA9044392BADE7EC001E024C /* Debug */ = {
			isa = XCBuildConfiguration;
			buildSettings = {
				ASSETCATALOG_COMPILER_APPICON_NAME = AppIcon;
				ASSETCATALOG_COMPILER_GLOBAL_ACCENT_COLOR_NAME = AccentColor;
				CODE_SIGN_STYLE = Automatic;
				CURRENT_PROJECT_VERSION = 1;
				DEVELOPMENT_TEAM = 2AFG9UBT5A;
				GENERATE_INFOPLIST_FILE = YES;
				INFOPLIST_FILE = "vk-market-intership--2024/Info.plist";
				INFOPLIST_KEY_NSLocationAlwaysAndWhenInUseUsageDescription = "";
				INFOPLIST_KEY_NSLocationWhenInUseUsageDescription = "";
				INFOPLIST_KEY_UIApplicationSupportsIndirectInputEvents = YES;
				INFOPLIST_KEY_UILaunchStoryboardName = LaunchScreen;
				INFOPLIST_KEY_UISupportedInterfaceOrientations_iPad = "UIInterfaceOrientationPortrait UIInterfaceOrientationPortraitUpsideDown UIInterfaceOrientationLandscapeLeft UIInterfaceOrientationLandscapeRight";
				INFOPLIST_KEY_UISupportedInterfaceOrientations_iPhone = "UIInterfaceOrientationPortrait UIInterfaceOrientationLandscapeLeft UIInterfaceOrientationLandscapeRight";
				IPHONEOS_DEPLOYMENT_TARGET = 16.0;
				LD_RUNPATH_SEARCH_PATHS = (
					"$(inherited)",
					"@executable_path/Frameworks",
				);
				MARKETING_VERSION = 1.0;
				PRODUCT_BUNDLE_IDENTIFIER = "xd.vk-market-intership--2024";
				PRODUCT_NAME = "$(TARGET_NAME)";
				SWIFT_EMIT_LOC_STRINGS = YES;
				SWIFT_VERSION = 5.0;
				TARGETED_DEVICE_FAMILY = "1,2";
			};
			name = Debug;
		};
		CA90443A2BADE7EC001E024C /* Release */ = {
			isa = XCBuildConfiguration;
			buildSettings = {
				ASSETCATALOG_COMPILER_APPICON_NAME = AppIcon;
				ASSETCATALOG_COMPILER_GLOBAL_ACCENT_COLOR_NAME = AccentColor;
				CODE_SIGN_STYLE = Automatic;
				CURRENT_PROJECT_VERSION = 1;
				DEVELOPMENT_TEAM = 2AFG9UBT5A;
				GENERATE_INFOPLIST_FILE = YES;
				INFOPLIST_FILE = "vk-market-intership--2024/Info.plist";
				INFOPLIST_KEY_NSLocationAlwaysAndWhenInUseUsageDescription = "";
				INFOPLIST_KEY_NSLocationWhenInUseUsageDescription = "";
				INFOPLIST_KEY_UIApplicationSupportsIndirectInputEvents = YES;
				INFOPLIST_KEY_UILaunchStoryboardName = LaunchScreen;
				INFOPLIST_KEY_UISupportedInterfaceOrientations_iPad = "UIInterfaceOrientationPortrait UIInterfaceOrientationPortraitUpsideDown UIInterfaceOrientationLandscapeLeft UIInterfaceOrientationLandscapeRight";
				INFOPLIST_KEY_UISupportedInterfaceOrientations_iPhone = "UIInterfaceOrientationPortrait UIInterfaceOrientationLandscapeLeft UIInterfaceOrientationLandscapeRight";
				IPHONEOS_DEPLOYMENT_TARGET = 16.0;
				LD_RUNPATH_SEARCH_PATHS = (
					"$(inherited)",
					"@executable_path/Frameworks",
				);
				MARKETING_VERSION = 1.0;
				PRODUCT_BUNDLE_IDENTIFIER = "xd.vk-market-intership--2024";
				PRODUCT_NAME = "$(TARGET_NAME)";
				SWIFT_EMIT_LOC_STRINGS = YES;
				SWIFT_VERSION = 5.0;
				TARGETED_DEVICE_FAMILY = "1,2";
			};
			name = Release;
		};
/* End XCBuildConfiguration section */

/* Begin XCConfigurationList section */
		CA90441F2BADE7DD001E024C /* Build configuration list for PBXProject "vk-market-intership--2024" */ = {
			isa = XCConfigurationList;
			buildConfigurations = (
				CA9044362BADE7EC001E024C /* Debug */,
				CA9044372BADE7EC001E024C /* Release */,
			);
			defaultConfigurationIsVisible = 0;
			defaultConfigurationName = Release;
		};
		CA9044382BADE7EC001E024C /* Build configuration list for PBXNativeTarget "vk-market-intership--2024" */ = {
			isa = XCConfigurationList;
			buildConfigurations = (
				CA9044392BADE7EC001E024C /* Debug */,
				CA90443A2BADE7EC001E024C /* Release */,
			);
			defaultConfigurationIsVisible = 0;
			defaultConfigurationName = Release;
		};
/* End XCConfigurationList section */
	};
	rootObject = CA90441C2BADE7DD001E024C /* Project object */;
}
